
Microsoft Visual Studio Solution File, Format Version 12.00
# Visual Studio Version 17
VisualStudioVersion = 17.11.35208.52
MinimumVisualStudioVersion = 10.0.40219.1
Project("{9A19103F-16F7-4668-BE54-9A1E7A4F7556}") = "Vault Issue Tracker", "Vault Issue Tracker\Vault Issue Tracker.csproj", "{F2EB7878-FE49-40DC-96E0-24736FF83E0C}"
EndProject
Project("{9A19103F-16F7-4668-BE54-9A1E7A4F7556}") = "Manager", "Manager\Manager.csproj", "{B9591F58-ED5D-4B76-96A7-44F4469A80AB}"
EndProject
Project("{9A19103F-16F7-4668-BE54-9A1E7A4F7556}") = "Model", "Model\Model.csproj", "{64AFFF26-5155-4D21-AAE6-261FC63C25D3}"
EndProject
Global
	GlobalSection(SolutionConfigurationPlatforms) = preSolution
		Debug|Any CPU = Debug|Any CPU
		Release|Any CPU = Release|Any CPU
	EndGlobalSection
	GlobalSection(ProjectConfigurationPlatforms) = postSolution
		{F2EB7878-FE49-40DC-96E0-24736FF83E0C}.Debug|Any CPU.ActiveCfg = Debug|Any CPU
		{F2EB7878-FE49-40DC-96E0-24736FF83E0C}.Debug|Any CPU.Build.0 = Debug|Any CPU
		{F2EB7878-FE49-40DC-96E0-24736FF83E0C}.Release|Any CPU.ActiveCfg = Release|Any CPU
		{F2EB7878-FE49-40DC-96E0-24736FF83E0C}.Release|Any CPU.Build.0 = Release|Any CPU
		{B9591F58-ED5D-4B76-96A7-44F4469A80AB}.Debug|Any CPU.ActiveCfg = Debug|Any CPU
		{B9591F58-ED5D-4B76-96A7-44F4469A80AB}.Debug|Any CPU.Build.0 = Debug|Any CPU
		{B9591F58-ED5D-4B76-96A7-44F4469A80AB}.Release|Any CPU.ActiveCfg = Release|Any CPU
		{B9591F58-ED5D-4B76-96A7-44F4469A80AB}.Release|Any CPU.Build.0 = Release|Any CPU
		{64AFFF26-5155-4D21-AAE6-261FC63C25D3}.Debug|Any CPU.ActiveCfg = Debug|Any CPU
		{64AFFF26-5155-4D21-AAE6-261FC63C25D3}.Debug|Any CPU.Build.0 = Debug|Any CPU
		{64AFFF26-5155-4D21-AAE6-261FC63C25D3}.Release|Any CPU.ActiveCfg = Release|Any CPU
		{64AFFF26-5155-4D21-AAE6-261FC63C25D3}.Release|Any CPU.Build.0 = Release|Any CPU
	EndGlobalSection
	GlobalSection(SolutionProperties) = preSolution
		HideSolutionNode = FALSE
	EndGlobalSection
	GlobalSection(ExtensibilityGlobals) = postSolution
		SolutionGuid = {04231624-FDFD-4B03-84B5-F12A72B06679}
	EndGlobalSection
EndGlobal
